// !$*UTF8*$!
{
	archiveVersion = 1;
	classes = {
	};
	objectVersion = 56;
	objects = {

/* Begin PBXBuildFile section */
		4E2EF5112A5F013B00B750BD /* AppDelegate.swift in Sources */ = {isa = PBXBuildFile; fileRef = 4E2EF5102A5F013B00B750BD /* AppDelegate.swift */; };
		4E2EF5132A5F013B00B750BD /* SceneDelegate.swift in Sources */ = {isa = PBXBuildFile; fileRef = 4E2EF5122A5F013B00B750BD /* SceneDelegate.swift */; };
		4E2EF5152A5F013B00B750BD /* ViewController.swift in Sources */ = {isa = PBXBuildFile; fileRef = 4E2EF5142A5F013B00B750BD /* ViewController.swift */; };
		4E2EF5182A5F013B00B750BD /* Main.storyboard in Resources */ = {isa = PBXBuildFile; fileRef = 4E2EF5162A5F013B00B750BD /* Main.storyboard */; };
		4E2EF51A2A5F013C00B750BD /* Assets.xcassets in Resources */ = {isa = PBXBuildFile; fileRef = 4E2EF5192A5F013C00B750BD /* Assets.xcassets */; };
		4E2EF51D2A5F013C00B750BD /* LaunchScreen.storyboard in Resources */ = {isa = PBXBuildFile; fileRef = 4E2EF51B2A5F013C00B750BD /* LaunchScreen.storyboard */; };
		4E2EF5282A5F013D00B750BD /* Synechron_AssignmentTests.swift in Sources */ = {isa = PBXBuildFile; fileRef = 4E2EF5272A5F013D00B750BD /* Synechron_AssignmentTests.swift */; };
		4E2EF5322A5F013D00B750BD /* Synechron_AssignmentUITests.swift in Sources */ = {isa = PBXBuildFile; fileRef = 4E2EF5312A5F013D00B750BD /* Synechron_AssignmentUITests.swift */; };
		4E2EF5342A5F013D00B750BD /* Synechron_AssignmentUITestsLaunchTests.swift in Sources */ = {isa = PBXBuildFile; fileRef = 4E2EF5332A5F013D00B750BD /* Synechron_AssignmentUITestsLaunchTests.swift */; };
		4E2EF54A2A5FC66400B750BD /* LoginViewModel.swift in Sources */ = {isa = PBXBuildFile; fileRef = 4E2EF5492A5FC66400B750BD /* LoginViewModel.swift */; };
		4E2EF54D2A5FC87E00B750BD /* String+Extension.swift in Sources */ = {isa = PBXBuildFile; fileRef = 4E2EF54C2A5FC87E00B750BD /* String+Extension.swift */; };
		A09A881117A3A0892C608A8F /* Pods_Synechron_Assignment.framework in Frameworks */ = {isa = PBXBuildFile; fileRef = 6B4114634415E2FCB755B2C4 /* Pods_Synechron_Assignment.framework */; };
		A285FB719214D4403DC79164 /* Pods_Synechron_AssignmentTests.framework in Frameworks */ = {isa = PBXBuildFile; fileRef = F680748B96D08C703D991B97 /* Pods_Synechron_AssignmentTests.framework */; };
		AE905602B9AFCAA943FF76C6 /* Pods_Synechron_Assignment_Synechron_AssignmentUITests.framework in Frameworks */ = {isa = PBXBuildFile; fileRef = 36F9708269DD88328E23A891 /* Pods_Synechron_Assignment_Synechron_AssignmentUITests.framework */; };
/* End PBXBuildFile section */

/* Begin PBXContainerItemProxy section */
		4E2EF5242A5F013D00B750BD /* PBXContainerItemProxy */ = {
			isa = PBXContainerItemProxy;
			containerPortal = 4E2EF5052A5F013B00B750BD /* Project object */;
			proxyType = 1;
			remoteGlobalIDString = 4E2EF50C2A5F013B00B750BD;
			remoteInfo = "Synechron-Assignment";
		};
		4E2EF52E2A5F013D00B750BD /* PBXContainerItemProxy */ = {
			isa = PBXContainerItemProxy;
			containerPortal = 4E2EF5052A5F013B00B750BD /* Project object */;
			proxyType = 1;
			remoteGlobalIDString = 4E2EF50C2A5F013B00B750BD;
			remoteInfo = "Synechron-Assignment";
		};
/* End PBXContainerItemProxy section */

/* Begin PBXFileReference section */
		0C76949AF2D5CE460AC1407D /* Pods-Synechron-AssignmentTests.release.xcconfig */ = {isa = PBXFileReference; includeInIndex = 1; lastKnownFileType = text.xcconfig; name = "Pods-Synechron-AssignmentTests.release.xcconfig"; path = "Target Support Files/Pods-Synechron-AssignmentTests/Pods-Synechron-AssignmentTests.release.xcconfig"; sourceTree = "<group>"; };
		36F9708269DD88328E23A891 /* Pods_Synechron_Assignment_Synechron_AssignmentUITests.framework */ = {isa = PBXFileReference; explicitFileType = wrapper.framework; includeInIndex = 0; path = Pods_Synechron_Assignment_Synechron_AssignmentUITests.framework; sourceTree = BUILT_PRODUCTS_DIR; };
		4E2EF50D2A5F013B00B750BD /* Synechron-Assignment.app */ = {isa = PBXFileReference; explicitFileType = wrapper.application; includeInIndex = 0; path = "Synechron-Assignment.app"; sourceTree = BUILT_PRODUCTS_DIR; };
		4E2EF5102A5F013B00B750BD /* AppDelegate.swift */ = {isa = PBXFileReference; lastKnownFileType = sourcecode.swift; path = AppDelegate.swift; sourceTree = "<group>"; };
		4E2EF5122A5F013B00B750BD /* SceneDelegate.swift */ = {isa = PBXFileReference; lastKnownFileType = sourcecode.swift; path = SceneDelegate.swift; sourceTree = "<group>"; };
		4E2EF5142A5F013B00B750BD /* ViewController.swift */ = {isa = PBXFileReference; lastKnownFileType = sourcecode.swift; path = ViewController.swift; sourceTree = "<group>"; };
		4E2EF5172A5F013B00B750BD /* Base */ = {isa = PBXFileReference; lastKnownFileType = file.storyboard; name = Base; path = Base.lproj/Main.storyboard; sourceTree = "<group>"; };
		4E2EF5192A5F013C00B750BD /* Assets.xcassets */ = {isa = PBXFileReference; lastKnownFileType = folder.assetcatalog; path = Assets.xcassets; sourceTree = "<group>"; };
		4E2EF51C2A5F013C00B750BD /* Base */ = {isa = PBXFileReference; lastKnownFileType = file.storyboard; name = Base; path = Base.lproj/LaunchScreen.storyboard; sourceTree = "<group>"; };
		4E2EF51E2A5F013C00B750BD /* Info.plist */ = {isa = PBXFileReference; lastKnownFileType = text.plist.xml; path = Info.plist; sourceTree = "<group>"; };
		4E2EF5232A5F013D00B750BD /* Synechron-AssignmentTests.xctest */ = {isa = PBXFileReference; explicitFileType = wrapper.cfbundle; includeInIndex = 0; path = "Synechron-AssignmentTests.xctest"; sourceTree = BUILT_PRODUCTS_DIR; };
		4E2EF5272A5F013D00B750BD /* Synechron_AssignmentTests.swift */ = {isa = PBXFileReference; lastKnownFileType = sourcecode.swift; path = Synechron_AssignmentTests.swift; sourceTree = "<group>"; };
		4E2EF52D2A5F013D00B750BD /* Synechron-AssignmentUITests.xctest */ = {isa = PBXFileReference; explicitFileType = wrapper.cfbundle; includeInIndex = 0; path = "Synechron-AssignmentUITests.xctest"; sourceTree = BUILT_PRODUCTS_DIR; };
		4E2EF5312A5F013D00B750BD /* Synechron_AssignmentUITests.swift */ = {isa = PBXFileReference; lastKnownFileType = sourcecode.swift; path = Synechron_AssignmentUITests.swift; sourceTree = "<group>"; };
		4E2EF5332A5F013D00B750BD /* Synechron_AssignmentUITestsLaunchTests.swift */ = {isa = PBXFileReference; lastKnownFileType = sourcecode.swift; path = Synechron_AssignmentUITestsLaunchTests.swift; sourceTree = "<group>"; };
		4E2EF5492A5FC66400B750BD /* LoginViewModel.swift */ = {isa = PBXFileReference; lastKnownFileType = sourcecode.swift; path = LoginViewModel.swift; sourceTree = "<group>"; };
		4E2EF54C2A5FC87E00B750BD /* String+Extension.swift */ = {isa = PBXFileReference; lastKnownFileType = sourcecode.swift; path = "String+Extension.swift"; sourceTree = "<group>"; };
		5B522F5565E7B59EBCE67C98 /* Pods-Synechron-Assignment.release.xcconfig */ = {isa = PBXFileReference; includeInIndex = 1; lastKnownFileType = text.xcconfig; name = "Pods-Synechron-Assignment.release.xcconfig"; path = "Target Support Files/Pods-Synechron-Assignment/Pods-Synechron-Assignment.release.xcconfig"; sourceTree = "<group>"; };
		6B4114634415E2FCB755B2C4 /* Pods_Synechron_Assignment.framework */ = {isa = PBXFileReference; explicitFileType = wrapper.framework; includeInIndex = 0; path = Pods_Synechron_Assignment.framework; sourceTree = BUILT_PRODUCTS_DIR; };
		718737F125A7EAEE5C14F7A3 /* Pods-Synechron-AssignmentTests.debug.xcconfig */ = {isa = PBXFileReference; includeInIndex = 1; lastKnownFileType = text.xcconfig; name = "Pods-Synechron-AssignmentTests.debug.xcconfig"; path = "Target Support Files/Pods-Synechron-AssignmentTests/Pods-Synechron-AssignmentTests.debug.xcconfig"; sourceTree = "<group>"; };
		A4E9A7D5629C49D655BBF766 /* Pods-Synechron-Assignment-Synechron-AssignmentUITests.release.xcconfig */ = {isa = PBXFileReference; includeInIndex = 1; lastKnownFileType = text.xcconfig; name = "Pods-Synechron-Assignment-Synechron-AssignmentUITests.release.xcconfig"; path = "Target Support Files/Pods-Synechron-Assignment-Synechron-AssignmentUITests/Pods-Synechron-Assignment-Synechron-AssignmentUITests.release.xcconfig"; sourceTree = "<group>"; };
		C11C74C062B24812EBC21B2E /* Pods-Synechron-Assignment-Synechron-AssignmentUITests.debug.xcconfig */ = {isa = PBXFileReference; includeInIndex = 1; lastKnownFileType = text.xcconfig; name = "Pods-Synechron-Assignment-Synechron-AssignmentUITests.debug.xcconfig"; path = "Target Support Files/Pods-Synechron-Assignment-Synechron-AssignmentUITests/Pods-Synechron-Assignment-Synechron-AssignmentUITests.debug.xcconfig"; sourceTree = "<group>"; };
		C2950E3A063B15769211888E /* Pods-Synechron-Assignment.debug.xcconfig */ = {isa = PBXFileReference; includeInIndex = 1; lastKnownFileType = text.xcconfig; name = "Pods-Synechron-Assignment.debug.xcconfig"; path = "Target Support Files/Pods-Synechron-Assignment/Pods-Synechron-Assignment.debug.xcconfig"; sourceTree = "<group>"; };
		F680748B96D08C703D991B97 /* Pods_Synechron_AssignmentTests.framework */ = {isa = PBXFileReference; explicitFileType = wrapper.framework; includeInIndex = 0; path = Pods_Synechron_AssignmentTests.framework; sourceTree = BUILT_PRODUCTS_DIR; };
/* End PBXFileReference section */

/* Begin PBXFrameworksBuildPhase section */
		4E2EF50A2A5F013B00B750BD /* Frameworks */ = {
			isa = PBXFrameworksBuildPhase;
			buildActionMask = 2147483647;
			files = (
				A09A881117A3A0892C608A8F /* Pods_Synechron_Assignment.framework in Frameworks */,
			);
			runOnlyForDeploymentPostprocessing = 0;
		};
		4E2EF5202A5F013D00B750BD /* Frameworks */ = {
			isa = PBXFrameworksBuildPhase;
			buildActionMask = 2147483647;
			files = (
				A285FB719214D4403DC79164 /* Pods_Synechron_AssignmentTests.framework in Frameworks */,
			);
			runOnlyForDeploymentPostprocessing = 0;
		};
		4E2EF52A2A5F013D00B750BD /* Frameworks */ = {
			isa = PBXFrameworksBuildPhase;
			buildActionMask = 2147483647;
			files = (
				AE905602B9AFCAA943FF76C6 /* Pods_Synechron_Assignment_Synechron_AssignmentUITests.framework in Frameworks */,
			);
			runOnlyForDeploymentPostprocessing = 0;
		};
/* End PBXFrameworksBuildPhase section */

/* Begin PBXGroup section */
		17F4B6E173049F760E6C4BD8 /* Pods */ = {
			isa = PBXGroup;
			children = (
				C2950E3A063B15769211888E /* Pods-Synechron-Assignment.debug.xcconfig */,
				5B522F5565E7B59EBCE67C98 /* Pods-Synechron-Assignment.release.xcconfig */,
				C11C74C062B24812EBC21B2E /* Pods-Synechron-Assignment-Synechron-AssignmentUITests.debug.xcconfig */,
				A4E9A7D5629C49D655BBF766 /* Pods-Synechron-Assignment-Synechron-AssignmentUITests.release.xcconfig */,
				718737F125A7EAEE5C14F7A3 /* Pods-Synechron-AssignmentTests.debug.xcconfig */,
				0C76949AF2D5CE460AC1407D /* Pods-Synechron-AssignmentTests.release.xcconfig */,
			);
			path = Pods;
			sourceTree = "<group>";
		};
		4C489FA68A46B7A9B7A6F91E /* Frameworks */ = {
			isa = PBXGroup;
			children = (
				6B4114634415E2FCB755B2C4 /* Pods_Synechron_Assignment.framework */,
				36F9708269DD88328E23A891 /* Pods_Synechron_Assignment_Synechron_AssignmentUITests.framework */,
				F680748B96D08C703D991B97 /* Pods_Synechron_AssignmentTests.framework */,
			);
			name = Frameworks;
			sourceTree = "<group>";
		};
		4E2EF5042A5F013B00B750BD = {
			isa = PBXGroup;
			children = (
				4E2EF50F2A5F013B00B750BD /* Synechron-Assignment */,
				4E2EF5262A5F013D00B750BD /* Synechron-AssignmentTests */,
				4E2EF5302A5F013D00B750BD /* Synechron-AssignmentUITests */,
				4E2EF50E2A5F013B00B750BD /* Products */,
				17F4B6E173049F760E6C4BD8 /* Pods */,
				4C489FA68A46B7A9B7A6F91E /* Frameworks */,
			);
			sourceTree = "<group>";
		};
		4E2EF50E2A5F013B00B750BD /* Products */ = {
			isa = PBXGroup;
			children = (
				4E2EF50D2A5F013B00B750BD /* Synechron-Assignment.app */,
				4E2EF5232A5F013D00B750BD /* Synechron-AssignmentTests.xctest */,
				4E2EF52D2A5F013D00B750BD /* Synechron-AssignmentUITests.xctest */,
			);
			name = Products;
			sourceTree = "<group>";
		};
		4E2EF50F2A5F013B00B750BD /* Synechron-Assignment */ = {
			isa = PBXGroup;
			children = (
				4E2EF54B2A5FC87200B750BD /* Extensions */,
				4E2EF5482A5FC65800B750BD /* ViewModels */,
				4E2EF5102A5F013B00B750BD /* AppDelegate.swift */,
				4E2EF5122A5F013B00B750BD /* SceneDelegate.swift */,
				4E2EF5142A5F013B00B750BD /* ViewController.swift */,
				4E2EF5162A5F013B00B750BD /* Main.storyboard */,
				4E2EF5192A5F013C00B750BD /* Assets.xcassets */,
				4E2EF51B2A5F013C00B750BD /* LaunchScreen.storyboard */,
				4E2EF51E2A5F013C00B750BD /* Info.plist */,
			);
			path = "Synechron-Assignment";
			sourceTree = "<group>";
		};
		4E2EF5262A5F013D00B750BD /* Synechron-AssignmentTests */ = {
			isa = PBXGroup;
			children = (
				4E2EF5272A5F013D00B750BD /* Synechron_AssignmentTests.swift */,
			);
			path = "Synechron-AssignmentTests";
			sourceTree = "<group>";
		};
		4E2EF5302A5F013D00B750BD /* Synechron-AssignmentUITests */ = {
			isa = PBXGroup;
			children = (
				4E2EF5312A5F013D00B750BD /* Synechron_AssignmentUITests.swift */,
				4E2EF5332A5F013D00B750BD /* Synechron_AssignmentUITestsLaunchTests.swift */,
			);
			path = "Synechron-AssignmentUITests";
			sourceTree = "<group>";
		};
		4E2EF5482A5FC65800B750BD /* ViewModels */ = {
			isa = PBXGroup;
			children = (
				4E2EF5492A5FC66400B750BD /* LoginViewModel.swift */,
			);
			path = ViewModels;
			sourceTree = "<group>";
		};
		4E2EF54B2A5FC87200B750BD /* Extensions */ = {
			isa = PBXGroup;
			children = (
				4E2EF54C2A5FC87E00B750BD /* String+Extension.swift */,
			);
			path = Extensions;
			sourceTree = "<group>";
		};
/* End PBXGroup section */

/* Begin PBXNativeTarget section */
		4E2EF50C2A5F013B00B750BD /* Synechron-Assignment */ = {
			isa = PBXNativeTarget;
			buildConfigurationList = 4E2EF5372A5F013D00B750BD /* Build configuration list for PBXNativeTarget "Synechron-Assignment" */;
			buildPhases = (
				BE6F1A47BF0144B9918D0229 /* [CP] Check Pods Manifest.lock */,
				4E2EF5092A5F013B00B750BD /* Sources */,
				4E2EF50A2A5F013B00B750BD /* Frameworks */,
				4E2EF50B2A5F013B00B750BD /* Resources */,
				15B9E4801CA644878D9C8BBB /* [CP] Embed Pods Frameworks */,
			);
			buildRules = (
			);
			dependencies = (
			);
			name = "Synechron-Assignment";
			productName = "Synechron-Assignment";
			productReference = 4E2EF50D2A5F013B00B750BD /* Synechron-Assignment.app */;
			productType = "com.apple.product-type.application";
		};
		4E2EF5222A5F013D00B750BD /* Synechron-AssignmentTests */ = {
			isa = PBXNativeTarget;
			buildConfigurationList = 4E2EF53A2A5F013D00B750BD /* Build configuration list for PBXNativeTarget "Synechron-AssignmentTests" */;
			buildPhases = (
				E0DECD685093BCF3E143CCC3 /* [CP] Check Pods Manifest.lock */,
				4E2EF51F2A5F013D00B750BD /* Sources */,
				4E2EF5202A5F013D00B750BD /* Frameworks */,
				4E2EF5212A5F013D00B750BD /* Resources */,
			);
			buildRules = (
			);
			dependencies = (
				4E2EF5252A5F013D00B750BD /* PBXTargetDependency */,
			);
			name = "Synechron-AssignmentTests";
			productName = "Synechron-AssignmentTests";
			productReference = 4E2EF5232A5F013D00B750BD /* Synechron-AssignmentTests.xctest */;
			productType = "com.apple.product-type.bundle.unit-test";
		};
		4E2EF52C2A5F013D00B750BD /* Synechron-AssignmentUITests */ = {
			isa = PBXNativeTarget;
			buildConfigurationList = 4E2EF53D2A5F013D00B750BD /* Build configuration list for PBXNativeTarget "Synechron-AssignmentUITests" */;
			buildPhases = (
				1D4D88AB78FB24311C143D5A /* [CP] Check Pods Manifest.lock */,
				4E2EF5292A5F013D00B750BD /* Sources */,
				4E2EF52A2A5F013D00B750BD /* Frameworks */,
				4E2EF52B2A5F013D00B750BD /* Resources */,
				C5A4E54F2B37217081C96B65 /* [CP] Embed Pods Frameworks */,
			);
			buildRules = (
			);
			dependencies = (
				4E2EF52F2A5F013D00B750BD /* PBXTargetDependency */,
			);
			name = "Synechron-AssignmentUITests";
			productName = "Synechron-AssignmentUITests";
			productReference = 4E2EF52D2A5F013D00B750BD /* Synechron-AssignmentUITests.xctest */;
			productType = "com.apple.product-type.bundle.ui-testing";
		};
/* End PBXNativeTarget section */

/* Begin PBXProject section */
		4E2EF5052A5F013B00B750BD /* Project object */ = {
			isa = PBXProject;
			attributes = {
				BuildIndependentTargetsInParallel = 1;
				LastSwiftUpdateCheck = 1430;
				LastUpgradeCheck = 1430;
				TargetAttributes = {
					4E2EF50C2A5F013B00B750BD = {
						CreatedOnToolsVersion = 14.3.1;
					};
					4E2EF5222A5F013D00B750BD = {
						CreatedOnToolsVersion = 14.3.1;
						TestTargetID = 4E2EF50C2A5F013B00B750BD;
					};
					4E2EF52C2A5F013D00B750BD = {
						CreatedOnToolsVersion = 14.3.1;
						TestTargetID = 4E2EF50C2A5F013B00B750BD;
					};
				};
			};
			buildConfigurationList = 4E2EF5082A5F013B00B750BD /* Build configuration list for PBXProject "Synechron-Assignment" */;
			compatibilityVersion = "Xcode 14.0";
			developmentRegion = en;
			hasScannedForEncodings = 0;
			knownRegions = (
				en,
				Base,
			);
			mainGroup = 4E2EF5042A5F013B00B750BD;
			productRefGroup = 4E2EF50E2A5F013B00B750BD /* Products */;
			projectDirPath = "";
			projectRoot = "";
			targets = (
				4E2EF50C2A5F013B00B750BD /* Synechron-Assignment */,
				4E2EF5222A5F013D00B750BD /* Synechron-AssignmentTests */,
				4E2EF52C2A5F013D00B750BD /* Synechron-AssignmentUITests */,
			);
		};
/* End PBXProject section */

/* Begin PBXResourcesBuildPhase section */
		4E2EF50B2A5F013B00B750BD /* Resources */ = {
			isa = PBXResourcesBuildPhase;
			buildActionMask = 2147483647;
			files = (
				4E2EF51D2A5F013C00B750BD /* LaunchScreen.storyboard in Resources */,
				4E2EF51A2A5F013C00B750BD /* Assets.xcassets in Resources */,
				4E2EF5182A5F013B00B750BD /* Main.storyboard in Resources */,
			);
			runOnlyForDeploymentPostprocessing = 0;
		};
		4E2EF5212A5F013D00B750BD /* Resources */ = {
			isa = PBXResourcesBuildPhase;
			buildActionMask = 2147483647;
			files = (
			);
			runOnlyForDeploymentPostprocessing = 0;
		};
		4E2EF52B2A5F013D00B750BD /* Resources */ = {
			isa = PBXResourcesBuildPhase;
			buildActionMask = 2147483647;
			files = (
			);
			runOnlyForDeploymentPostprocessing = 0;
		};
/* End PBXResourcesBuildPhase section */

/* Begin PBXShellScriptBuildPhase section */
		15B9E4801CA644878D9C8BBB /* [CP] Embed Pods Frameworks */ = {
			isa = PBXShellScriptBuildPhase;
			buildActionMask = 2147483647;
			files = (
			);
			inputFileListPaths = (
				"${PODS_ROOT}/Target Support Files/Pods-Synechron-Assignment/Pods-Synechron-Assignment-frameworks-${CONFIGURATION}-input-files.xcfilelist",
			);
			name = "[CP] Embed Pods Frameworks";
			outputFileListPaths = (
				"${PODS_ROOT}/Target Support Files/Pods-Synechron-Assignment/Pods-Synechron-Assignment-frameworks-${CONFIGURATION}-output-files.xcfilelist",
			);
			runOnlyForDeploymentPostprocessing = 0;
			shellPath = /bin/sh;
			shellScript = "\"${PODS_ROOT}/Target Support Files/Pods-Synechron-Assignment/Pods-Synechron-Assignment-frameworks.sh\"\n";
			showEnvVarsInLog = 0;
		};
		1D4D88AB78FB24311C143D5A /* [CP] Check Pods Manifest.lock */ = {
			isa = PBXShellScriptBuildPhase;
			buildActionMask = 2147483647;
			files = (
			);
			inputFileListPaths = (
			);
			inputPaths = (
				"${PODS_PODFILE_DIR_PATH}/Podfile.lock",
				"${PODS_ROOT}/Manifest.lock",
			);
			name = "[CP] Check Pods Manifest.lock";
			outputFileListPaths = (
			);
			outputPaths = (
				"$(DERIVED_FILE_DIR)/Pods-Synechron-Assignment-Synechron-AssignmentUITests-checkManifestLockResult.txt",
			);
			runOnlyForDeploymentPostprocessing = 0;
			shellPath = /bin/sh;
			shellScript = "diff \"${PODS_PODFILE_DIR_PATH}/Podfile.lock\" \"${PODS_ROOT}/Manifest.lock\" > /dev/null\nif [ $? != 0 ] ; then\n    # print error to STDERR\n    echo \"error: The sandbox is not in sync with the Podfile.lock. Run 'pod install' or update your CocoaPods installation.\" >&2\n    exit 1\nfi\n# This output is used by Xcode 'outputs' to avoid re-running this script phase.\necho \"SUCCESS\" > \"${SCRIPT_OUTPUT_FILE_0}\"\n";
			showEnvVarsInLog = 0;
		};
		BE6F1A47BF0144B9918D0229 /* [CP] Check Pods Manifest.lock */ = {
			isa = PBXShellScriptBuildPhase;
			buildActionMask = 2147483647;
			files = (
			);
			inputFileListPaths = (
			);
			inputPaths = (
				"${PODS_PODFILE_DIR_PATH}/Podfile.lock",
				"${PODS_ROOT}/Manifest.lock",
			);
			name = "[CP] Check Pods Manifest.lock";
			outputFileListPaths = (
			);
			outputPaths = (
				"$(DERIVED_FILE_DIR)/Pods-Synechron-Assignment-checkManifestLockResult.txt",
			);
			runOnlyForDeploymentPostprocessing = 0;
			shellPath = /bin/sh;
			shellScript = "diff \"${PODS_PODFILE_DIR_PATH}/Podfile.lock\" \"${PODS_ROOT}/Manifest.lock\" > /dev/null\nif [ $? != 0 ] ; then\n    # print error to STDERR\n    echo \"error: The sandbox is not in sync with the Podfile.lock. Run 'pod install' or update your CocoaPods installation.\" >&2\n    exit 1\nfi\n# This output is used by Xcode 'outputs' to avoid re-running this script phase.\necho \"SUCCESS\" > \"${SCRIPT_OUTPUT_FILE_0}\"\n";
			showEnvVarsInLog = 0;
		};
		C5A4E54F2B37217081C96B65 /* [CP] Embed Pods Frameworks */ = {
			isa = PBXShellScriptBuildPhase;
			buildActionMask = 2147483647;
			files = (
			);
			inputFileListPaths = (
				"${PODS_ROOT}/Target Support Files/Pods-Synechron-Assignment-Synechron-AssignmentUITests/Pods-Synechron-Assignment-Synechron-AssignmentUITests-frameworks-${CONFIGURATION}-input-files.xcfilelist",
			);
			name = "[CP] Embed Pods Frameworks";
			outputFileListPaths = (
				"${PODS_ROOT}/Target Support Files/Pods-Synechron-Assignment-Synechron-AssignmentUITests/Pods-Synechron-Assignment-Synechron-AssignmentUITests-frameworks-${CONFIGURATION}-output-files.xcfilelist",
			);
			runOnlyForDeploymentPostprocessing = 0;
			shellPath = /bin/sh;
			shellScript = "\"${PODS_ROOT}/Target Support Files/Pods-Synechron-Assignment-Synechron-AssignmentUITests/Pods-Synechron-Assignment-Synechron-AssignmentUITests-frameworks.sh\"\n";
			showEnvVarsInLog = 0;
		};
		E0DECD685093BCF3E143CCC3 /* [CP] Check Pods Manifest.lock */ = {
			isa = PBXShellScriptBuildPhase;
			buildActionMask = 2147483647;
			files = (
			);
			inputFileListPaths = (
			);
			inputPaths = (
				"${PODS_PODFILE_DIR_PATH}/Podfile.lock",
				"${PODS_ROOT}/Manifest.lock",
			);
			name = "[CP] Check Pods Manifest.lock";
			outputFileListPaths = (
			);
			outputPaths = (
				"$(DERIVED_FILE_DIR)/Pods-Synechron-AssignmentTests-checkManifestLockResult.txt",
			);
			runOnlyForDeploymentPostprocessing = 0;
			shellPath = /bin/sh;
			shellScript = "diff \"${PODS_PODFILE_DIR_PATH}/Podfile.lock\" \"${PODS_ROOT}/Manifest.lock\" > /dev/null\nif [ $? != 0 ] ; then\n    # print error to STDERR\n    echo \"error: The sandbox is not in sync with the Podfile.lock. Run 'pod install' or update your CocoaPods installation.\" >&2\n    exit 1\nfi\n# This output is used by Xcode 'outputs' to avoid re-running this script phase.\necho \"SUCCESS\" > \"${SCRIPT_OUTPUT_FILE_0}\"\n";
			showEnvVarsInLog = 0;
		};
/* End PBXShellScriptBuildPhase section */

/* Begin PBXSourcesBuildPhase section */
		4E2EF5092A5F013B00B750BD /* Sources */ = {
			isa = PBXSourcesBuildPhase;
			buildActionMask = 2147483647;
			files = (
				4E2EF54A2A5FC66400B750BD /* LoginViewModel.swift in Sources */,
				4E2EF5152A5F013B00B750BD /* ViewController.swift in Sources */,
				4E2EF5112A5F013B00B750BD /* AppDelegate.swift in Sources */,
				4E2EF54D2A5FC87E00B750BD /* String+Extension.swift in Sources */,
				4E2EF5132A5F013B00B750BD /* SceneDelegate.swift in Sources */,
			);
			runOnlyForDeploymentPostprocessing = 0;
		};
		4E2EF51F2A5F013D00B750BD /* Sources */ = {
			isa = PBXSourcesBuildPhase;
			buildActionMask = 2147483647;
			files = (
				4E2EF5282A5F013D00B750BD /* Synechron_AssignmentTests.swift in Sources */,
			);
			runOnlyForDeploymentPostprocessing = 0;
		};
		4E2EF5292A5F013D00B750BD /* Sources */ = {
			isa = PBXSourcesBuildPhase;
			buildActionMask = 2147483647;
			files = (
				4E2EF5322A5F013D00B750BD /* Synechron_AssignmentUITests.swift in Sources */,
				4E2EF5342A5F013D00B750BD /* Synechron_AssignmentUITestsLaunchTests.swift in Sources */,
			);
			runOnlyForDeploymentPostprocessing = 0;
		};
/* End PBXSourcesBuildPhase section */

/* Begin PBXTargetDependency section */
		4E2EF5252A5F013D00B750BD /* PBXTargetDependency */ = {
			isa = PBXTargetDependency;
			target = 4E2EF50C2A5F013B00B750BD /* Synechron-Assignment */;
			targetProxy = 4E2EF5242A5F013D00B750BD /* PBXContainerItemProxy */;
		};
		4E2EF52F2A5F013D00B750BD /* PBXTargetDependency */ = {
			isa = PBXTargetDependency;
			target = 4E2EF50C2A5F013B00B750BD /* Synechron-Assignment */;
			targetProxy = 4E2EF52E2A5F013D00B750BD /* PBXContainerItemProxy */;
		};
/* End PBXTargetDependency section */

/* Begin PBXVariantGroup section */
		4E2EF5162A5F013B00B750BD /* Main.storyboard */ = {
			isa = PBXVariantGroup;
			children = (
				4E2EF5172A5F013B00B750BD /* Base */,
			);
			name = Main.storyboard;
			sourceTree = "<group>";
		};
		4E2EF51B2A5F013C00B750BD /* LaunchScreen.storyboard */ = {
			isa = PBXVariantGroup;
			children = (
				4E2EF51C2A5F013C00B750BD /* Base */,
			);
			name = LaunchScreen.storyboard;
			sourceTree = "<group>";
		};
/* End PBXVariantGroup section */

/* Begin XCBuildConfiguration section */
		4E2EF5352A5F013D00B750BD /* Debug */ = {
			isa = XCBuildConfiguration;
			buildSettings = {
				ALWAYS_SEARCH_USER_PATHS = NO;
				CLANG_ANALYZER_NONNULL = YES;
				CLANG_ANALYZER_NUMBER_OBJECT_CONVERSION = YES_AGGRESSIVE;
				CLANG_CXX_LANGUAGE_STANDARD = "gnu++20";
				CLANG_ENABLE_MODULES = YES;
				CLANG_ENABLE_OBJC_ARC = YES;
				CLANG_ENABLE_OBJC_WEAK = YES;
				CLANG_WARN_BLOCK_CAPTURE_AUTORELEASING = YES;
				CLANG_WARN_BOOL_CONVERSION = YES;
				CLANG_WARN_COMMA = YES;
				CLANG_WARN_CONSTANT_CONVERSION = YES;
				CLANG_WARN_DEPRECATED_OBJC_IMPLEMENTATIONS = YES;
				CLANG_WARN_DIRECT_OBJC_ISA_USAGE = YES_ERROR;
				CLANG_WARN_DOCUMENTATION_COMMENTS = YES;
				CLANG_WARN_EMPTY_BODY = YES;
				CLANG_WARN_ENUM_CONVERSION = YES;
				CLANG_WARN_INFINITE_RECURSION = YES;
				CLANG_WARN_INT_CONVERSION = YES;
				CLANG_WARN_NON_LITERAL_NULL_CONVERSION = YES;
				CLANG_WARN_OBJC_IMPLICIT_RETAIN_SELF = YES;
				CLANG_WARN_OBJC_LITERAL_CONVERSION = YES;
				CLANG_WARN_OBJC_ROOT_CLASS = YES_ERROR;
				CLANG_WARN_QUOTED_INCLUDE_IN_FRAMEWORK_HEADER = YES;
				CLANG_WARN_RANGE_LOOP_ANALYSIS = YES;
				CLANG_WARN_STRICT_PROTOTYPES = YES;
				CLANG_WARN_SUSPICIOUS_MOVE = YES;
				CLANG_WARN_UNGUARDED_AVAILABILITY = YES_AGGRESSIVE;
				CLANG_WARN_UNREACHABLE_CODE = YES;
				CLANG_WARN__DUPLICATE_METHOD_MATCH = YES;
				COPY_PHASE_STRIP = NO;
				DEBUG_INFORMATION_FORMAT = dwarf;
				ENABLE_STRICT_OBJC_MSGSEND = YES;
				ENABLE_TESTABILITY = YES;
				GCC_C_LANGUAGE_STANDARD = gnu11;
				GCC_DYNAMIC_NO_PIC = NO;
				GCC_NO_COMMON_BLOCKS = YES;
				GCC_OPTIMIZATION_LEVEL = 0;
				GCC_PREPROCESSOR_DEFINITIONS = (
					"DEBUG=1",
					"$(inherited)",
				);
				GCC_WARN_64_TO_32_BIT_CONVERSION = YES;
				GCC_WARN_ABOUT_RETURN_TYPE = YES_ERROR;
				GCC_WARN_UNDECLARED_SELECTOR = YES;
				GCC_WARN_UNINITIALIZED_AUTOS = YES_AGGRESSIVE;
				GCC_WARN_UNUSED_FUNCTION = YES;
				GCC_WARN_UNUSED_VARIABLE = YES;
				IPHONEOS_DEPLOYMENT_TARGET = 16.4;
				MTL_ENABLE_DEBUG_INFO = INCLUDE_SOURCE;
				MTL_FAST_MATH = YES;
				ONLY_ACTIVE_ARCH = YES;
				SDKROOT = iphoneos;
				SWIFT_ACTIVE_COMPILATION_CONDITIONS = DEBUG;
				SWIFT_OPTIMIZATION_LEVEL = "-Onone";
			};
			name = Debug;
		};
		4E2EF5362A5F013D00B750BD /* Release */ = {
			isa = XCBuildConfiguration;
			buildSettings = {
				ALWAYS_SEARCH_USER_PATHS = NO;
				CLANG_ANALYZER_NONNULL = YES;
				CLANG_ANALYZER_NUMBER_OBJECT_CONVERSION = YES_AGGRESSIVE;
				CLANG_CXX_LANGUAGE_STANDARD = "gnu++20";
				CLANG_ENABLE_MODULES = YES;
				CLANG_ENABLE_OBJC_ARC = YES;
				CLANG_ENABLE_OBJC_WEAK = YES;
				CLANG_WARN_BLOCK_CAPTURE_AUTORELEASING = YES;
				CLANG_WARN_BOOL_CONVERSION = YES;
				CLANG_WARN_COMMA = YES;
				CLANG_WARN_CONSTANT_CONVERSION = YES;
				CLANG_WARN_DEPRECATED_OBJC_IMPLEMENTATIONS = YES;
				CLANG_WARN_DIRECT_OBJC_ISA_USAGE = YES_ERROR;
				CLANG_WARN_DOCUMENTATION_COMMENTS = YES;
				CLANG_WARN_EMPTY_BODY = YES;
				CLANG_WARN_ENUM_CONVERSION = YES;
				CLANG_WARN_INFINITE_RECURSION = YES;
				CLANG_WARN_INT_CONVERSION = YES;
				CLANG_WARN_NON_LITERAL_NULL_CONVERSION = YES;
				CLANG_WARN_OBJC_IMPLICIT_RETAIN_SELF = YES;
				CLANG_WARN_OBJC_LITERAL_CONVERSION = YES;
				CLANG_WARN_OBJC_ROOT_CLASS = YES_ERROR;
				CLANG_WARN_QUOTED_INCLUDE_IN_FRAMEWORK_HEADER = YES;
				CLANG_WARN_RANGE_LOOP_ANALYSIS = YES;
				CLANG_WARN_STRICT_PROTOTYPES = YES;
				CLANG_WARN_SUSPICIOUS_MOVE = YES;
				CLANG_WARN_UNGUARDED_AVAILABILITY = YES_AGGRESSIVE;
				CLANG_WARN_UNREACHABLE_CODE = YES;
				CLANG_WARN__DUPLICATE_METHOD_MATCH = YES;
				COPY_PHASE_STRIP = NO;
				DEBUG_INFORMATION_FORMAT = "dwarf-with-dsym";
				ENABLE_NS_ASSERTIONS = NO;
				ENABLE_STRICT_OBJC_MSGSEND = YES;
				GCC_C_LANGUAGE_STANDARD = gnu11;
				GCC_NO_COMMON_BLOCKS = YES;
				GCC_WARN_64_TO_32_BIT_CONVERSION = YES;
				GCC_WARN_ABOUT_RETURN_TYPE = YES_ERROR;
				GCC_WARN_UNDECLARED_SELECTOR = YES;
				GCC_WARN_UNINITIALIZED_AUTOS = YES_AGGRESSIVE;
				GCC_WARN_UNUSED_FUNCTION = YES;
				GCC_WARN_UNUSED_VARIABLE = YES;
				IPHONEOS_DEPLOYMENT_TARGET = 16.4;
				MTL_ENABLE_DEBUG_INFO = NO;
				MTL_FAST_MATH = YES;
				SDKROOT = iphoneos;
				SWIFT_COMPILATION_MODE = wholemodule;
				SWIFT_OPTIMIZATION_LEVEL = "-O";
				VALIDATE_PRODUCT = YES;
			};
			name = Release;
		};
		4E2EF5382A5F013D00B750BD /* Debug */ = {
			isa = XCBuildConfiguration;
			baseConfigurationReference = C2950E3A063B15769211888E /* Pods-Synechron-Assignment.debug.xcconfig */;
			buildSettings = {
				ASSETCATALOG_COMPILER_APPICON_NAME = AppIcon;
				ASSETCATALOG_COMPILER_GLOBAL_ACCENT_COLOR_NAME = AccentColor;
				CODE_SIGN_STYLE = Automatic;
				CURRENT_PROJECT_VERSION = 1;
				GENERATE_INFOPLIST_FILE = YES;
				INFOPLIST_FILE = "Synechron-Assignment/Info.plist";
				INFOPLIST_KEY_UIApplicationSupportsIndirectInputEvents = YES;
				INFOPLIST_KEY_UILaunchStoryboardName = LaunchScreen;
				INFOPLIST_KEY_UIMainStoryboardFile = Main;
				INFOPLIST_KEY_UISupportedInterfaceOrientations_iPad = "UIInterfaceOrientationPortrait UIInterfaceOrientationPortraitUpsideDown UIInterfaceOrientationLandscapeLeft UIInterfaceOrientationLandscapeRight";
				INFOPLIST_KEY_UISupportedInterfaceOrientations_iPhone = "UIInterfaceOrientationPortrait UIInterfaceOrientationLandscapeLeft UIInterfaceOrientationLandscapeRight";
				LD_RUNPATH_SEARCH_PATHS = (
					"$(inherited)",
					"@executable_path/Frameworks",
				);
				MARKETING_VERSION = 1.0;
				PRODUCT_BUNDLE_IDENTIFIER = "com.prachi.synechron-assignment.Synechron-Assignment";
				PRODUCT_NAME = "$(TARGET_NAME)";
				SWIFT_EMIT_LOC_STRINGS = YES;
				SWIFT_VERSION = 5.0;
				TARGETED_DEVICE_FAMILY = "1,2";
			};
			name = Debug;
		};
		4E2EF5392A5F013D00B750BD /* Release */ = {
			isa = XCBuildConfiguration;
			baseConfigurationReference = 5B522F5565E7B59EBCE67C98 /* Pods-Synechron-Assignment.release.xcconfig */;
			buildSettings = {
				ASSETCATALOG_COMPILER_APPICON_NAME = AppIcon;
				ASSETCATALOG_COMPILER_GLOBAL_ACCENT_COLOR_NAME = AccentColor;
				CODE_SIGN_STYLE = Automatic;
				CURRENT_PROJECT_VERSION = 1;
				GENERATE_INFOPLIST_FILE = YES;
				INFOPLIST_FILE = "Synechron-Assignment/Info.plist";
				INFOPLIST_KEY_UIApplicationSupportsIndirectInputEvents = YES;
				INFOPLIST_KEY_UILaunchStoryboardName = LaunchScreen;
				INFOPLIST_KEY_UIMainStoryboardFile = Main;
				INFOPLIST_KEY_UISupportedInterfaceOrientations_iPad = "UIInterfaceOrientationPortrait UIInterfaceOrientationPortraitUpsideDown UIInterfaceOrientationLandscapeLeft UIInterfaceOrientationLandscapeRight";
				INFOPLIST_KEY_UISupportedInterfaceOrientations_iPhone = "UIInterfaceOrientationPortrait UIInterfaceOrientationLandscapeLeft UIInterfaceOrientationLandscapeRight";
				LD_RUNPATH_SEARCH_PATHS = (
					"$(inherited)",
					"@executable_path/Frameworks",
				);
				MARKETING_VERSION = 1.0;
				PRODUCT_BUNDLE_IDENTIFIER = "com.prachi.synechron-assignment.Synechron-Assignment";
				PRODUCT_NAME = "$(TARGET_NAME)";
				SWIFT_EMIT_LOC_STRINGS = YES;
				SWIFT_VERSION = 5.0;
				TARGETED_DEVICE_FAMILY = "1,2";
			};
			name = Release;
		};
		4E2EF53B2A5F013D00B750BD /* Debug */ = {
			isa = XCBuildConfiguration;
			baseConfigurationReference = 718737F125A7EAEE5C14F7A3 /* Pods-Synechron-AssignmentTests.debug.xcconfig */;
			buildSettings = {
				ALWAYS_EMBED_SWIFT_STANDARD_LIBRARIES = YES;
				BUNDLE_LOADER = "$(TEST_HOST)";
				CODE_SIGN_STYLE = Automatic;
				CURRENT_PROJECT_VERSION = 1;
				GENERATE_INFOPLIST_FILE = YES;
				IPHONEOS_DEPLOYMENT_TARGET = 16.4;
				MARKETING_VERSION = 1.0;
				PRODUCT_BUNDLE_IDENTIFIER = "com.prachi.synechron-assignment.Synechron-AssignmentTests";
				PRODUCT_NAME = "$(TARGET_NAME)";
				SWIFT_EMIT_LOC_STRINGS = NO;
				SWIFT_VERSION = 5.0;
				TARGETED_DEVICE_FAMILY = "1,2";
				TEST_HOST = "$(BUILT_PRODUCTS_DIR)/Synechron-Assignment.app/$(BUNDLE_EXECUTABLE_FOLDER_PATH)/Synechron-Assignment";
			};
			name = Debug;
		};
		4E2EF53C2A5F013D00B750BD /* Release */ = {
			isa = XCBuildConfiguration;
			baseConfigurationReference = 0C76949AF2D5CE460AC1407D /* Pods-Synechron-AssignmentTests.release.xcconfig */;
			buildSettings = {
				ALWAYS_EMBED_SWIFT_STANDARD_LIBRARIES = YES;
				BUNDLE_LOADER = "$(TEST_HOST)";
				CODE_SIGN_STYLE = Automatic;
				CURRENT_PROJECT_VERSION = 1;
				GENERATE_INFOPLIST_FILE = YES;
				IPHONEOS_DEPLOYMENT_TARGET = 16.4;
				MARKETING_VERSION = 1.0;
				PRODUCT_BUNDLE_IDENTIFIER = "com.prachi.synechron-assignment.Synechron-AssignmentTests";
				PRODUCT_NAME = "$(TARGET_NAME)";
				SWIFT_EMIT_LOC_STRINGS = NO;
				SWIFT_VERSION = 5.0;
				TARGETED_DEVICE_FAMILY = "1,2";
				TEST_HOST = "$(BUILT_PRODUCTS_DIR)/Synechron-Assignment.app/$(BUNDLE_EXECUTABLE_FOLDER_PATH)/Synechron-Assignment";
			};
			name = Release;
		};
		4E2EF53E2A5F013D00B750BD /* Debug */ = {
			isa = XCBuildConfiguration;
			baseConfigurationReference = C11C74C062B24812EBC21B2E /* Pods-Synechron-Assignment-Synechron-AssignmentUITests.debug.xcconfig */;
			buildSettings = {
				ALWAYS_EMBED_SWIFT_STANDARD_LIBRARIES = YES;
				CODE_SIGN_STYLE = Automatic;
				CURRENT_PROJECT_VERSION = 1;
				GENERATE_INFOPLIST_FILE = YES;
				MARKETING_VERSION = 1.0;
				PRODUCT_BUNDLE_IDENTIFIER = "com.prachi.synechron-assignment.Synechron-AssignmentUITests";
				PRODUCT_NAME = "$(TARGET_NAME)";
				SWIFT_EMIT_LOC_STRINGS = NO;
				SWIFT_VERSION = 5.0;
				TARGETED_DEVICE_FAMILY = "1,2";
				TEST_TARGET_NAME = "Synechron-Assignment";
			};
			name = Debug;
		};
		4E2EF53F2A5F013D00B750BD /* Release */ = {
			isa = XCBuildConfiguration;
			baseConfigurationReference = A4E9A7D5629C49D655BBF766 /* Pods-Synechron-Assignment-Synechron-AssignmentUITests.release.xcconfig */;
			buildSettings = {
				ALWAYS_EMBED_SWIFT_STANDARD_LIBRARIES = YES;
				CODE_SIGN_STYLE = Automatic;
				CURRENT_PROJECT_VERSION = 1;
				GENERATE_INFOPLIST_FILE = YES;
				MARKETING_VERSION = 1.0;
				PRODUCT_BUNDLE_IDENTIFIER = "com.prachi.synechron-assignment.Synechron-AssignmentUITests";
				PRODUCT_NAME = "$(TARGET_NAME)";
				SWIFT_EMIT_LOC_STRINGS = NO;
				SWIFT_VERSION = 5.0;
				TARGETED_DEVICE_FAMILY = "1,2";
				TEST_TARGET_NAME = "Synechron-Assignment";
			};
			name = Release;
		};
/* End XCBuildConfiguration section */

/* Begin XCConfigurationList section */
		4E2EF5082A5F013B00B750BD /* Build configuration list for PBXProject "Synechron-Assignment" */ = {
			isa = XCConfigurationList;
			buildConfigurations = (
				4E2EF5352A5F013D00B750BD /* Debug */,
				4E2EF5362A5F013D00B750BD /* Release */,
			);
			defaultConfigurationIsVisible = 0;
			defaultConfigurationName = Release;
		};
		4E2EF5372A5F013D00B750BD /* Build configuration list for PBXNativeTarget "Synechron-Assignment" */ = {
			isa = XCConfigurationList;
			buildConfigurations = (
				4E2EF5382A5F013D00B750BD /* Debug */,
				4E2EF5392A5F013D00B750BD /* Release */,
			);
			defaultConfigurationIsVisible = 0;
			defaultConfigurationName = Release;
		};
		4E2EF53A2A5F013D00B750BD /* Build configuration list for PBXNativeTarget "Synechron-AssignmentTests" */ = {
			isa = XCConfigurationList;
			buildConfigurations = (
				4E2EF53B2A5F013D00B750BD /* Debug */,
				4E2EF53C2A5F013D00B750BD /* Release */,
			);
			defaultConfigurationIsVisible = 0;
			defaultConfigurationName = Release;
		};
		4E2EF53D2A5F013D00B750BD /* Build configuration list for PBXNativeTarget "Synechron-AssignmentUITests" */ = {
			isa = XCConfigurationList;
			buildConfigurations = (
				4E2EF53E2A5F013D00B750BD /* Debug */,
				4E2EF53F2A5F013D00B750BD /* Release */,
			);
			defaultConfigurationIsVisible = 0;
			defaultConfigurationName = Release;
		};
/* End XCConfigurationList section */
	};
	rootObject = 4E2EF5052A5F013B00B750BD /* Project object */;
}
